
Microsoft Visual Studio Solution File, Format Version 12.00
# Visual Studio Version 16
VisualStudioVersion = 16.0.30114.105
MinimumVisualStudioVersion = 10.0.40219.1
Project("{FAE04EC0-301F-11D3-BF4B-00C04F79EFBC}") = "TempAdmeme.Android", "TempAdmeme\TempAdmeme.Android\TempAdmeme.Android.csproj", "{DF2AA224-737B-4FFE-BE43-2F90395B435C}"
EndProject
Project("{FAE04EC0-301F-11D3-BF4B-00C04F79EFBC}") = "TempAdmeme.iOS", "TempAdmeme\TempAdmeme.iOS\TempAdmeme.iOS.csproj", "{9730373C-F311-4741-A99A-9EB0ACF49058}"
EndProject
Project("{FAE04EC0-301F-11D3-BF4B-00C04F79EFBC}") = "TempAdmeme", "TempAdmeme\TempAdmeme\TempAdmeme.csproj", "{EB32132D-83A3-49C4-A485-810EF1294D32}"
EndProject
Global
	GlobalSection(SolutionConfigurationPlatforms) = preSolution
		Debug|Any CPU = Debug|Any CPU
		Debug|iPhone = Debug|iPhone
		Debug|iPhoneSimulator = Debug|iPhoneSimulator
		Release|Any CPU = Release|Any CPU
		Release|iPhone = Release|iPhone
		Release|iPhoneSimulator = Release|iPhoneSimulator
	EndGlobalSection
	GlobalSection(ProjectConfigurationPlatforms) = postSolution
		{DF2AA224-737B-4FFE-BE43-2F90395B435C}.Debug|Any CPU.ActiveCfg = Debug|Any CPU
		{DF2AA224-737B-4FFE-BE43-2F90395B435C}.Debug|Any CPU.Build.0 = Debug|Any CPU
		{DF2AA224-737B-4FFE-BE43-2F90395B435C}.Debug|Any CPU.Deploy.0 = Debug|Any CPU
		{DF2AA224-737B-4FFE-BE43-2F90395B435C}.Debug|iPhone.ActiveCfg = Debug|Any CPU
		{DF2AA224-737B-4FFE-BE43-2F90395B435C}.Debug|iPhone.Build.0 = Debug|Any CPU
		{DF2AA224-737B-4FFE-BE43-2F90395B435C}.Debug|iPhone.Deploy.0 = Debug|Any CPU
		{DF2AA224-737B-4FFE-BE43-2F90395B435C}.Debug|iPhoneSimulator.ActiveCfg = Debug|Any CPU
		{DF2AA224-737B-4FFE-BE43-2F90395B435C}.Debug|iPhoneSimulator.Build.0 = Debug|Any CPU
		{DF2AA224-737B-4FFE-BE43-2F90395B435C}.Debug|iPhoneSimulator.Deploy.0 = Debug|Any CPU
		{DF2AA224-737B-4FFE-BE43-2F90395B435C}.Release|Any CPU.ActiveCfg = Release|Any CPU
		{DF2AA224-737B-4FFE-BE43-2F90395B435C}.Release|Any CPU.Build.0 = Release|Any CPU
		{DF2AA224-737B-4FFE-BE43-2F90395B435C}.Release|Any CPU.Deploy.0 = Release|Any CPU
		{DF2AA224-737B-4FFE-BE43-2F90395B435C}.Release|iPhone.ActiveCfg = Release|Any CPU
		{DF2AA224-737B-4FFE-BE43-2F90395B435C}.Release|iPhone.Build.0 = Release|Any CPU
		{DF2AA224-737B-4FFE-BE43-2F90395B435C}.Release|iPhone.Deploy.0 = Release|Any CPU
		{DF2AA224-737B-4FFE-BE43-2F90395B435C}.Release|iPhoneSimulator.ActiveCfg = Release|Any CPU
		{DF2AA224-737B-4FFE-BE43-2F90395B435C}.Release|iPhoneSimulator.Build.0 = Release|Any CPU
		{DF2AA224-737B-4FFE-BE43-2F90395B435C}.Release|iPhoneSimulator.Deploy.0 = Release|Any CPU
		{9730373C-F311-4741-A99A-9EB0ACF49058}.Debug|Any CPU.ActiveCfg = Debug|iPhone
		{9730373C-F311-4741-A99A-9EB0ACF49058}.Debug|Any CPU.Build.0 = Debug|iPhone
		{9730373C-F311-4741-A99A-9EB0ACF49058}.Debug|Any CPU.Deploy.0 = Debug|iPhone
		{9730373C-F311-4741-A99A-9EB0ACF49058}.Debug|iPhone.ActiveCfg = Debug|iPhone
		{9730373C-F311-4741-A99A-9EB0ACF49058}.Debug|iPhone.Build.0 = Debug|iPhone
		{9730373C-F311-4741-A99A-9EB0ACF49058}.Debug|iPhone.Deploy.0 = Debug|iPhone
		{9730373C-F311-4741-A99A-9EB0ACF49058}.Debug|iPhoneSimulator.ActiveCfg = Debug|iPhoneSimulator
		{9730373C-F311-4741-A99A-9EB0ACF49058}.Debug|iPhoneSimulator.Build.0 = Debug|iPhoneSimulator
		{9730373C-F311-4741-A99A-9EB0ACF49058}.Debug|iPhoneSimulator.Deploy.0 = Debug|iPhoneSimulator
		{9730373C-F311-4741-A99A-9EB0ACF49058}.Release|Any CPU.ActiveCfg = Release|iPhone
		{9730373C-F311-4741-A99A-9EB0ACF49058}.Release|Any CPU.Build.0 = Release|iPhone
		{9730373C-F311-4741-A99A-9EB0ACF49058}.Release|Any CPU.Deploy.0 = Release|iPhone
		{9730373C-F311-4741-A99A-9EB0ACF49058}.Release|iPhone.ActiveCfg = Release|iPhone
		{9730373C-F311-4741-A99A-9EB0ACF49058}.Release|iPhone.Build.0 = Release|iPhone
		{9730373C-F311-4741-A99A-9EB0ACF49058}.Release|iPhone.Deploy.0 = Release|iPhone
		{9730373C-F311-4741-A99A-9EB0ACF49058}.Release|iPhoneSimulator.ActiveCfg = Release|iPhoneSimulator
		{9730373C-F311-4741-A99A-9EB0ACF49058}.Release|iPhoneSimulator.Build.0 = Release|iPhoneSimulator
		{9730373C-F311-4741-A99A-9EB0ACF49058}.Release|iPhoneSimulator.Deploy.0 = Release|iPhoneSimulator
		{EB32132D-83A3-49C4-A485-810EF1294D32}.Debug|Any CPU.ActiveCfg = Debug|Any CPU
		{EB32132D-83A3-49C4-A485-810EF1294D32}.Debug|Any CPU.Build.0 = Debug|Any CPU
		{EB32132D-83A3-49C4-A485-810EF1294D32}.Debug|Any CPU.Deploy.0 = Debug|Any CPU
		{EB32132D-83A3-49C4-A485-810EF1294D32}.Debug|iPhone.ActiveCfg = Debug|Any CPU
		{EB32132D-83A3-49C4-A485-810EF1294D32}.Debug|iPhone.Build.0 = Debug|Any CPU
		{EB32132D-83A3-49C4-A485-810EF1294D32}.Debug|iPhone.Deploy.0 = Debug|Any CPU
		{EB32132D-83A3-49C4-A485-810EF1294D32}.Debug|iPhoneSimulator.ActiveCfg = Debug|Any CPU
		{EB32132D-83A3-49C4-A485-810EF1294D32}.Debug|iPhoneSimulator.Build.0 = Debug|Any CPU
		{EB32132D-83A3-49C4-A485-810EF1294D32}.Debug|iPhoneSimulator.Deploy.0 = Debug|Any CPU
		{EB32132D-83A3-49C4-A485-810EF1294D32}.Release|Any CPU.ActiveCfg = Release|Any CPU
		{EB32132D-83A3-49C4-A485-810EF1294D32}.Release|Any CPU.Build.0 = Release|Any CPU
		{EB32132D-83A3-49C4-A485-810EF1294D32}.Release|Any CPU.Deploy.0 = Release|Any CPU
		{EB32132D-83A3-49C4-A485-810EF1294D32}.Release|iPhone.ActiveCfg = Release|Any CPU
		{EB32132D-83A3-49C4-A485-810EF1294D32}.Release|iPhone.Build.0 = Release|Any CPU
		{EB32132D-83A3-49C4-A485-810EF1294D32}.Release|iPhone.Deploy.0 = Release|Any CPU
		{EB32132D-83A3-49C4-A485-810EF1294D32}.Release|iPhoneSimulator.ActiveCfg = Release|Any CPU
		{EB32132D-83A3-49C4-A485-810EF1294D32}.Release|iPhoneSimulator.Build.0 = Release|Any CPU
		{EB32132D-83A3-49C4-A485-810EF1294D32}.Release|iPhoneSimulator.Deploy.0 = Release|Any CPU
	EndGlobalSection
	GlobalSection(SolutionProperties) = preSolution
		HideSolutionNode = FALSE
	EndGlobalSection
	GlobalSection(ExtensibilityGlobals) = postSolution
		SolutionGuid = {DFB4FEBB-874E-4E11-9B11-00555D88849B}
	EndGlobalSection
EndGlobal
